[renv]
Version=0.5.0-13

[R]
Version=3.6.0
Repositories=
	CRAN=https://cran.rstudio.com/

[R/Package/BH]
Package=BH
Version=1.69.0-1
Source=CRAN
Hash=0fde015f5153e51df44981da0767f522

[R/Package/DBI]
Package=DBI
Version=1.0.0
Source=CRAN
Hash=f2a1f420905c749eaace62b42b3a5e4a

[R/Package/DT]
Package=DT
Version=0.7
Source=CRAN
Hash=981ae58e8b540dd02bb331dbef40d130

[R/Package/KernSmooth]
Package=KernSmooth
Version=2.23-15
Source=CRAN
Hash=1abaf80e4ce51c982446637b6cf236bb

[R/Package/MASS]
Package=MASS
Version=7.3-51.4
Source=CRAN
Hash=a489ad42493fa9bfac8f3e3a3bc7d4ca

[R/Package/Matrix]
Package=Matrix
Version=1.2-17
Source=CRAN
Hash=62a0a8a6af8cdc0a32e5a69fb03ebfe9

[R/Package/R6]
Package=R6
Version=2.4.0
Source=CRAN
Hash=92b50d943a7c76c67918c1e1beb68627

[R/Package/RColorBrewer]
Package=RColorBrewer
Version=1.1-2
Source=CRAN
Hash=f8a3bcc800d613797f1dfdf8ef4f0bfc

[R/Package/Rcpp]
Package=Rcpp
Version=1.0.1
Source=CRAN
Hash=94bf4b635dd6abac1765cff90ba98235

[R/Package/RgoogleMaps]
Package=RgoogleMaps
Version=1.4.3
Source=CRAN
Hash=644ec9ddaea2d24b8c07d5491e78d650

[R/Package/askpass]
Package=askpass
Version=1.1
Source=CRAN
Hash=46678e19f261db289be40292d8e5d5bf

[R/Package/assertthat]
Package=assertthat
Version=0.2.1
Source=CRAN
Hash=19fb3d0ad048b4eb1a05cacffbae1f66

[R/Package/backports]
Package=backports
Version=1.1.4
Source=CRAN
Hash=2a78bf0825e0088e117520553ceb7fa5

[R/Package/base64enc]
Package=base64enc
Version=0.1-3
Source=CRAN
Hash=d355963b4b1c3039bfe8d65611a11cca

[R/Package/bitops]
Package=bitops
Version=1.0-6
Source=CRAN
Hash=62408262624d9f8e436f51ca901424e2

[R/Package/brew]
Package=brew
Version=1.0-6
Source=CRAN
Hash=190fd31e9253446523a8ee4642229516

[R/Package/broom]
Package=broom
Version=0.5.2
Source=CRAN
Hash=a6cfb50e5172a20815db00739aab4e78

[R/Package/callr]
Package=callr
Version=3.2.0
Source=CRAN
Hash=cb4f477191fafa4ae226324f0ef8f874

[R/Package/cellranger]
Package=cellranger
Version=1.1.0
Source=CRAN
Hash=2cd2a065192f3ba08a919d8800dba7e0

[R/Package/cli]
Package=cli
Version=1.1.0
Source=CRAN
Hash=ca8cae9892a09cc014898470df415add

[R/Package/clipr]
Package=clipr
Version=0.6.0
Source=CRAN
Hash=1b4c6b49dca948d2f95a741ae8f52edd

[R/Package/clisymbols]
Package=clisymbols
Version=1.2.0
Source=CRAN
Hash=9b64800eff3382885027560860b1e5ee

[R/Package/colorspace]
Package=colorspace
Version=1.4-1
Source=CRAN
Hash=c25d49739abb6ebf4b3d0c3565574226

[R/Package/commonmark]
Package=commonmark
Version=1.7
Source=CRAN
Hash=af7f698e0328e0474f794452177deca6

[R/Package/crayon]
Package=crayon
Version=1.3.4
Source=CRAN
Hash=3fa6f9cda30a77d5d0e3b1edb1fcf949

[R/Package/crosstalk]
Package=crosstalk
Version=1.0.0
Source=CRAN
Hash=2bc962d85f29df259cc1a6930727ce87

[R/Package/curl]
Package=curl
Version=3.3
Source=CRAN
Hash=208293ffee1d8d6988ec5bcbf7bed49e

[R/Package/data.table]
Package=data.table
Version=1.12.2
Source=CRAN
Hash=f2f76b5c5394350c4d4ee77dab51d35c

[R/Package/dbplyr]
Package=dbplyr
Version=1.4.2
Source=CRAN
Hash=aa3740879c38e6c11a93bd981521035a

[R/Package/desc]
Package=desc
Version=1.2.0
Source=CRAN
Hash=f0372cd6ee987b78159b5466007628f2

[R/Package/devtools]
Package=devtools
Version=2.0.2
Source=CRAN
Hash=7c464263bfa1c55ebada53c6d851812f

[R/Package/digest]
Package=digest
Version=0.6.19
Source=CRAN
Hash=2e0bb891e01c4e3f1132304cf5dd4aaa

[R/Package/dplyr]
Package=dplyr
Version=0.8.1
Source=CRAN
Hash=f70236417bd4b5a1f7993623d766ef5f

[R/Package/ellipsis]
Package=ellipsis
Version=0.2.0
Source=CRAN
Hash=a945d084a8d079856ac566988b79416e

[R/Package/evaluate]
Package=evaluate
Version=0.14
Source=CRAN
Hash=bc7706aa08ddda3e4d1d2374c0fb19f4

[R/Package/fansi]
Package=fansi
Version=0.4.0
Source=CRAN
Hash=cd87b0162287f0da225edfaa2fd3a20c

[R/Package/forcats]
Package=forcats
Version=0.4.0
Source=CRAN
Hash=4d7e4a2ed5adadda6714eb7b9361213b

[R/Package/foreign]
Package=foreign
Version=0.8-71
Source=CRAN
Hash=0a3e9cb4f946d20e3ce0eae1ae17c746

[R/Package/fs]
Package=fs
Version=1.3.1
Source=CRAN
Hash=dba7e43c4103d978cb7c95b97987cc68

[R/Package/generics]
Package=generics
Version=0.0.2
Source=CRAN
Hash=4e8e453aff36dd8ddac10ff157083e4f

[R/Package/geosphere]
Package=geosphere
Version=1.5-10
Source=CRAN
Hash=42410587391d10e8157be4b7acc6480b

[R/Package/ggmap]
Package=ggmap
Version=3.0.0
Source=CRAN
Hash=ee852e1b2c85ad0f62deba6075b8d95a

[R/Package/ggplot2]
Package=ggplot2
Version=3.2.0
Source=CRAN
Hash=e3b95a7458944efa0ebbb903bcdbe168

[R/Package/gh]
Package=gh
Version=1.0.1
Source=CRAN
Hash=e81ab0393b9b466b93cbdde7ca77a0e0

[R/Package/git2r]
Package=git2r
Version=0.25.2
Source=CRAN
Hash=1abf4306c489a2f233fd559ed5cdea21

[R/Package/glue]
Package=glue
Version=1.3.1
Source=CRAN
Hash=e8436e647719b7c9d01409767cd88cc8

[R/Package/gower]
Package=gower
Version=0.2.1
Source=CRAN
Hash=1f63bd78e56884fb959fe36b7bdb8f74

[R/Package/gridExtra]
Package=gridExtra
Version=2.3
Source=CRAN
Hash=4626f6a59a3b1095e7bdc7bd02a3107f

[R/Package/gtable]
Package=gtable
Version=0.3.0
Source=CRAN
Hash=6a58b2980a57345822ec5f9c7d2d1751

[R/Package/haven]
Package=haven
Version=2.1.0
Source=CRAN
Hash=31d8409661441373cefa83f4edcc47d9

[R/Package/here]
Package=here
Version=0.1
Source=CRAN
Hash=fabf4a569e93a85dc38c252a5026eb50

[R/Package/highr]
Package=highr
Version=0.8
Source=CRAN
Hash=43e36bc8bca1d8256f86933659c46349

[R/Package/hms]
Package=hms
Version=0.4.2
Source=CRAN
Hash=cfc811d732a86e96b36931ac1a6083f2

[R/Package/htmltools]
Package=htmltools
Version=0.3.6
Source=CRAN
Hash=5132526e7fb28a2c20d1ef443d5c4644

[R/Package/htmlwidgets]
Package=htmlwidgets
Version=1.3
Source=CRAN
Hash=8aa0ed21f14fc9645367e8bc305415f5

[R/Package/httpuv]
Package=httpuv
Version=1.5.1
Source=CRAN
Hash=3e4206eb62d89401a2a990eba9b3ecac

[R/Package/httr]
Package=httr
Version=1.4.0
Source=CRAN
Hash=4a241c31afac61ea4a8a672aa5b0b098

[R/Package/ini]
Package=ini
Version=0.3.1
Source=CRAN
Hash=4a15d8cfc931554fb2e71d66c1313b45

[R/Package/jpeg]
Package=jpeg
Version=0.1-8
Source=CRAN
Hash=c5744e03e8ed29c1b66dc47d6cf1b2c8

[R/Package/jsonlite]
Package=jsonlite
Version=1.6
Source=CRAN
Hash=b7e67b6a7bc2fdae729c0f3ff9026a8a

[R/Package/knitr]
Package=knitr
Version=1.23
Source=CRAN
Hash=6274825991e0041edb22da19e145b82d

[R/Package/labeling]
Package=labeling
Version=0.3
Source=CRAN
Hash=e1f613894f080d1eee41c34b281a2184

[R/Package/later]
Package=later
Version=0.8.0
Source=CRAN
Hash=4d5b806a328e0da75f0f0d4653676552

[R/Package/lattice]
Package=lattice
Version=0.20-38
Source=CRAN
Hash=6f7aa123115b33bc9ad1ca800874b1de

[R/Package/lazyeval]
Package=lazyeval
Version=0.2.2
Source=CRAN
Hash=d2f5e98b8b7ae633e252830c3243c2ab

[R/Package/leaflet]
Package=leaflet
Version=2.0.2
Source=CRAN
Hash=b28c8f59e316a0fce26b5ba63889b626

[R/Package/lubridate]
Package=lubridate
Version=1.7.4
Source=CRAN
Hash=d55fdb3732a8f047e49b86064dd78984

[R/Package/magrittr]
Package=magrittr
Version=1.5
Source=CRAN
Hash=dee1d97cffddfd3ed969e224bd0826d0

[R/Package/maps]
Package=maps
Version=3.3.0
Source=CRAN
Hash=641f790ed99da9f7af30c7628c589453

[R/Package/markdown]
Package=markdown
Version=1.0
Source=CRAN
Hash=4584a57f565dd7987d59dda3a02cfb41

[R/Package/memoise]
Package=memoise
Version=1.1.0
Source=CRAN
Hash=6fe6443e80dda0da2b01c4f1e77b2da8

[R/Package/mgcv]
Package=mgcv
Version=1.8-28
Source=CRAN
Hash=6ac256e4fdcf33c11f9ed987927cc614

[R/Package/mime]
Package=mime
Version=0.7
Source=CRAN
Hash=908d95ccbfd1dd274073ef07a7c93934

[R/Package/modelr]
Package=modelr
Version=0.1.4
Source=CRAN
Hash=4e872a6c94b3fe47bb022010fd131d4b

[R/Package/munsell]
Package=munsell
Version=0.5.0
Source=CRAN
Hash=9111af6c6dec65538ebd3de6c0bae864

[R/Package/nlme]
Package=nlme
Version=3.1-139
Source=CRAN
Hash=57bca0fb9daf69a0d3646dc299ccdd8c

[R/Package/openssl]
Package=openssl
Version=1.4
Source=CRAN
Hash=47db5d3cd9a56588a3140eb5716bd03e

[R/Package/openxlsx]
Package=openxlsx
Version=4.1.0.1
Source=CRAN
Hash=70d7bf3b6565c00c63421240dfac651c

[R/Package/philentropy]
Package=philentropy
Version=0.3.0
Source=CRAN
Hash=7da646a66ed6f6899abd5bc39ea83ecb

[R/Package/pillar]
Package=pillar
Version=1.4.1
Source=CRAN
Hash=952c43fd937c93fbed82c69d22996cc1

[R/Package/pkgbuild]
Package=pkgbuild
Version=1.0.3
Source=CRAN
Hash=1e8100d85ef7b9cddded115d62d7365a

[R/Package/pkgconfig]
Package=pkgconfig
Version=2.0.2
Source=CRAN
Hash=a9c3905822c12b8ad5f5bef850d1b45b

[R/Package/pkgload]
Package=pkgload
Version=1.0.2
Source=CRAN
Hash=f214a72af3442fdd3396ceccbb7d7f44

[R/Package/plogr]
Package=plogr
Version=0.2.0
Source=CRAN
Hash=93a51eac010f95e86be34a019a9fd2cb

[R/Package/plyr]
Package=plyr
Version=1.8.4
Source=CRAN
Hash=37dd0f3aadee2ac99e47168f4bffddb7

[R/Package/png]
Package=png
Version=0.1-7
Source=CRAN
Hash=2facb7d8929420c91d1ddc8d4636f787

[R/Package/praise]
Package=praise
Version=1.0.0
Source=CRAN
Hash=3940f2f321d5fa9fb72b8887b0454660

[R/Package/prettyunits]
Package=prettyunits
Version=1.0.2
Source=CRAN
Hash=33ce93b23647e85c127f8e1bb08604fc

[R/Package/processx]
Package=processx
Version=3.3.1
Source=CRAN
Hash=fe19d3a7958b29bf93610deabe0032d0

[R/Package/progress]
Package=progress
Version=1.2.2
Source=CRAN
Hash=20bb09dde93995477cb2959656d6952d

[R/Package/promises]
Package=promises
Version=1.0.1
Source=CRAN
Hash=f80d162b7cef7e36a0134d1f1084e36d

[R/Package/ps]
Package=ps
Version=1.3.0
Source=CRAN
Hash=860db981f5cf335ade748deb91d3eb34

[R/Package/purrr]
Package=purrr
Version=0.3.2
Source=CRAN
Hash=c360ab7eabd6e38a83f2475eb97c6344

[R/Package/purrrlyr]
Package=purrrlyr
Version=0.0.5
Source=CRAN
Hash=da7f858e2441c5a82c3ae151486384a7

[R/Package/raster]
Package=raster
Version=2.9-5
Source=CRAN
Hash=d2f57c6253fb3f960272d6bf0ed20a82

[R/Package/rcmdcheck]
Package=rcmdcheck
Version=1.3.3
Source=CRAN
Hash=841b2b0090588738366f684c8c202a78

[R/Package/readr]
Package=readr
Version=1.3.1
Source=CRAN
Hash=12e12ae34178a19170de85d7eff9dc67

[R/Package/readxl]
Package=readxl
Version=1.3.1
Source=CRAN
Hash=8a8b4695e87c90cc9423eb8994e76819

[R/Package/rematch]
Package=rematch
Version=1.0.1
Source=CRAN
Hash=d3d55a556f7f2e74f449d6a53b8abf8e

[R/Package/remotes]
Package=remotes
Version=2.0.4
Source=CRAN
Hash=20d3febade8f05949bd1e33eb39a13f6

[R/Package/reprex]
Package=reprex
Version=0.3.0
Source=CRAN
Hash=e5c16307a512cdaea9adddacde0671af

[R/Package/reshape2]
Package=reshape2
Version=1.4.3
Source=CRAN
Hash=ac685130d1a25e3f6470960fd29c5693

[R/Package/rio]
Package=rio
Version=0.5.16
Source=CRAN
Hash=da7bb885000eb8cb231ee4141466ecdb

[R/Package/rjson]
Package=rjson
Version=0.2.20
Source=CRAN
Hash=d3349736ec0f60d05591c316b926382e

[R/Package/rlang]
Package=rlang
Version=0.3.4
Source=CRAN
Hash=2b3bd6e5e8997c7e008bcaec981bbc2a

[R/Package/rmarkdown]
Package=rmarkdown
Version=1.13
Source=CRAN
Hash=d91e5ea62ea410cd5c04e1be6a7c273d

[R/Package/roxygen2]
Package=roxygen2
Version=6.1.1
Source=CRAN
Hash=5c44ac973ec9b56efd7990e4b4464699

[R/Package/rpart]
Package=rpart
Version=4.1-15
Source=CRAN
Hash=0d0e7f0e3c22944bb9bf67d0d5636e50

[R/Package/rprojroot]
Package=rprojroot
Version=1.3-2
Source=CRAN
Hash=aabecf1380683e49f6da7f3d7a3e69d2

[R/Package/rstudioapi]
Package=rstudioapi
Version=0.10
Source=CRAN
Hash=04552808fd065fdf0fec7bad340eb83c

[R/Package/rvest]
Package=rvest
Version=0.3.4
Source=CRAN
Hash=76bb112bc3833454dc701230aa9cb3ed

[R/Package/scales]
Package=scales
Version=1.0.0
Source=CRAN
Hash=a96e9571cd875b7b934990d85b7a3c18

[R/Package/selectr]
Package=selectr
Version=0.4-1
Source=CRAN
Hash=40ccee5dc2b97e197648525aefcfd0ba

[R/Package/sessioninfo]
Package=sessioninfo
Version=1.1.1
Source=CRAN
Hash=82d7aa1a739140d71a9355524738fe23

[R/Package/shiny]
Package=shiny
Version=1.3.2
Source=CRAN
Hash=3f96ad878877e005bcf6093c5c7efd9e

[R/Package/simputation]
Package=simputation
Version=0.2.3
Source=CRAN
Hash=dca9159d99963a5dacecc4e79c87f0c7

[R/Package/snakecase]
Package=snakecase
Version=0.11.0
Source=CRAN
Hash=5c861a2766fb272f515b7704dcbe08d6

[R/Package/sourcetools]
Package=sourcetools
Version=0.1.7
Source=CRAN
Hash=fc68fa34b8576eaa5a845a46ad75e214

[R/Package/sp]
Package=sp
Version=1.3-1
Source=CRAN
Hash=a8e1d618f252db052d85391d528c256f

[R/Package/stringi]
Package=stringi
Version=1.4.3
Source=CRAN
Hash=113506f116db9dd5bd1caf46884e0647

[R/Package/stringr]
Package=stringr
Version=1.4.0
Source=CRAN
Hash=41d6310ad18bd019a203d7adc496a28b

[R/Package/sys]
Package=sys
Version=3.2
Source=CRAN
Hash=01ca73e772ccdd194ad4b52c51145d0e

[R/Package/testthat]
Package=testthat
Version=2.1.1
Source=CRAN
Hash=6cdac1c005c81c36a89ba90835726f3f

[R/Package/tibble]
Package=tibble
Version=2.1.3
Source=CRAN
Hash=24e7de5ff617b10ae7455b81131b5a54

[R/Package/tidyr]
Package=tidyr
Version=0.8.3
Source=CRAN
Hash=51442fddca0f783dce03baffbe5b790b

[R/Package/tidyselect]
Package=tidyselect
Version=0.2.5
Source=CRAN
Hash=dc3fcbc21f04b293e0794e24982cf357

[R/Package/tidyverse]
Package=tidyverse
Version=1.2.1
Source=CRAN
Hash=ec414bb606232eb2f242f4e49706a0da

[R/Package/tinytex]
Package=tinytex
Version=0.13
Source=CRAN
Hash=69f72c5d4e70f6f8876c2c098786ae86

[R/Package/usethis]
Package=usethis
Version=1.5.0
Source=CRAN
Hash=fb5acd04604da18ce5bc4db926d4037d

[R/Package/utf8]
Package=utf8
Version=1.1.4
Source=CRAN
Hash=3f1a5a5b184f63379f8e6c08d5036c53

[R/Package/vctrs]
Package=vctrs
Version=0.1.0
Source=CRAN
Hash=990e11a7c6454ee32e2821f1a34fac94

[R/Package/viridis]
Package=viridis
Version=0.5.1
Source=CRAN
Hash=edeb1e8da820d6c6685971796c8d00ad

[R/Package/viridisLite]
Package=viridisLite
Version=0.3.0
Source=CRAN
Hash=9cdc281be942ca5c7ed232951f7cd001

[R/Package/whisker]
Package=whisker
Version=0.3-2
Source=CRAN
Hash=c6d8a035a88c6e3222f0efaac18406f6

[R/Package/withr]
Package=withr
Version=2.1.2
Source=CRAN
Hash=437dd637b5e75520a5d93c24f5bc0b17

[R/Package/xfun]
Package=xfun
Version=0.7
Source=CRAN
Hash=6b504b3cf978ea44cb770b53e69b9f6c

[R/Package/xml2]
Package=xml2
Version=1.2.0
Source=CRAN
Hash=8a9818f279792f697dab45e8c7cdb3a8

[R/Package/xopen]
Package=xopen
Version=1.0.0
Source=CRAN
Hash=6b4a2cf13985b391a146dfd2d2701483

[R/Package/xtable]
Package=xtable
Version=1.8-4
Source=CRAN
Hash=48f60fcc0974ce72870076d48038df2d

[R/Package/yaml]
Package=yaml
Version=2.2.0
Source=CRAN
Hash=3a313c96061c4ac790de611dc57ebd1f

[R/Package/zeallot]
Package=zeallot
Version=0.1.0
Source=CRAN
Hash=45d65588b02d47970fc84adecb2ee664

[R/Package/zip]
Package=zip
Version=2.0.2
Source=CRAN
Hash=355f02a5f293c189c93fc3e1c2bca8c5

